
Microsoft Visual Studio Solution File, Format Version 12.00
# Visual Studio 15
VisualStudioVersion = 15.0.27428.2015
MinimumVisualStudioVersion = 10.0.40219.1
Project("{9A19103F-16F7-4668-BE54-9A1E7A4F7556}") = "GameCore", "GameCore\GameCore.csproj", "{F34FFE10-F977-4F2D-9E72-7D8A946DF842}"
EndProject
Project("{9A19103F-16F7-4668-BE54-9A1E7A4F7556}") = "MatchManagerApi", "MatchManagerApi\MatchManagerApi.csproj", "{8ADA3F19-3931-4EF9-BBE4-598F88F4FB0A}"
EndProject
Global
	GlobalSection(SolutionConfigurationPlatforms) = preSolution
		Debug|Any CPU = Debug|Any CPU
		Release|Any CPU = Release|Any CPU
	EndGlobalSection
	GlobalSection(ProjectConfigurationPlatforms) = postSolution
		{F34FFE10-F977-4F2D-9E72-7D8A946DF842}.Debug|Any CPU.ActiveCfg = Debug|Any CPU
		{F34FFE10-F977-4F2D-9E72-7D8A946DF842}.Debug|Any CPU.Build.0 = Debug|Any CPU
		{F34FFE10-F977-4F2D-9E72-7D8A946DF842}.Release|Any CPU.ActiveCfg = Release|Any CPU
		{F34FFE10-F977-4F2D-9E72-7D8A946DF842}.Release|Any CPU.Build.0 = Release|Any CPU
		{8ADA3F19-3931-4EF9-BBE4-598F88F4FB0A}.Debug|Any CPU.ActiveCfg = Debug|Any CPU
		{8ADA3F19-3931-4EF9-BBE4-598F88F4FB0A}.Debug|Any CPU.Build.0 = Debug|Any CPU
		{8ADA3F19-3931-4EF9-BBE4-598F88F4FB0A}.Release|Any CPU.ActiveCfg = Release|Any CPU
		{8ADA3F19-3931-4EF9-BBE4-598F88F4FB0A}.Release|Any CPU.Build.0 = Release|Any CPU
	EndGlobalSection
	GlobalSection(SolutionProperties) = preSolution
		HideSolutionNode = FALSE
	EndGlobalSection
	GlobalSection(ExtensibilityGlobals) = postSolution
		SolutionGuid = {C807CACF-98A4-418B-B1D1-38FFCF8C507C}
	EndGlobalSection
EndGlobal
